
Microsoft Visual Studio Solution File, Format Version 12.00
# Visual Studio Version 16
VisualStudioVersion = 16.0.30804.86
MinimumVisualStudioVersion = 10.0.40219.1
Project("{FAE04EC0-301F-11D3-BF4B-00C04F79EFBC}") = "Modern", "Modern\Modern.csproj", "{4D26A9BD-5051-402A-96CF-5D11CD5E038E}"
EndProject
Global
	GlobalSection(SolutionConfigurationPlatforms) = preSolution
		Debug|Any CPU = Debug|Any CPU
		Release|Any CPU = Release|Any CPU
	EndGlobalSection
	GlobalSection(ProjectConfigurationPlatforms) = postSolution
		{4D26A9BD-5051-402A-96CF-5D11CD5E038E}.Debug|Any CPU.ActiveCfg = Debug|Any CPU
		{4D26A9BD-5051-402A-96CF-5D11CD5E038E}.Debug|Any CPU.Build.0 = Debug|Any CPU
		{4D26A9BD-5051-402A-96CF-5D11CD5E038E}.Release|Any CPU.ActiveCfg = Release|Any CPU
		{4D26A9BD-5051-402A-96CF-5D11CD5E038E}.Release|Any CPU.Build.0 = Release|Any CPU
	EndGlobalSection
	GlobalSection(SolutionProperties) = preSolution
		HideSolutionNode = FALSE
	EndGlobalSection
	GlobalSection(ExtensibilityGlobals) = postSolution
		SolutionGuid = {BA51A7A4-62B5-4761-AAE3-5CE783CF2A3F}
	EndGlobalSection
EndGlobal
